// !$*UTF8*$!
{
	archiveVersion = 1;
	classes = {
	};
	objectVersion = 77;
	objects = {

/* Begin PBXBuildFile section */
		961FEE672D217F39009AC4F9 /* Melatonin in Frameworks */ = {isa = PBXBuildFile; productRef = 961FEE662D217F39009AC4F9 /* Melatonin */; };
		961FEE932D2183A8009AC4F9 /* Preview Assets.xcassets in Resources */ = {isa = PBXBuildFile; fileRef = 961FEE8B2D2183A8009AC4F9 /* Preview Assets.xcassets */; };
		961FEE942D2183A8009AC4F9 /* Assets.xcassets in Resources */ = {isa = PBXBuildFile; fileRef = 961FEE8F2D2183A8009AC4F9 /* Assets.xcassets */; };
		961FEE952D2183A8009AC4F9 /* Auth.swift in Sources */ = {isa = PBXBuildFile; fileRef = 961FEE802D2183A8009AC4F9 /* Auth.swift */; };
		961FEE962D2183A8009AC4F9 /* Todo.swift in Sources */ = {isa = PBXBuildFile; fileRef = 961FEE812D2183A8009AC4F9 /* Todo.swift */; };
		961FEE972D2183A8009AC4F9 /* User.swift in Sources */ = {isa = PBXBuildFile; fileRef = 961FEE822D2183A8009AC4F9 /* User.swift */; };
		961FEE982D2183A8009AC4F9 /* AuthService.swift in Sources */ = {isa = PBXBuildFile; fileRef = 961FEE842D2183A8009AC4F9 /* AuthService.swift */; };
		961FEE992D2183A8009AC4F9 /* GetTodos.swift in Sources */ = {isa = PBXBuildFile; fileRef = 961FEE852D2183A8009AC4F9 /* GetTodos.swift */; };
		961FEE9A2D2183A8009AC4F9 /* HTTPAuthService.swift in Sources */ = {isa = PBXBuildFile; fileRef = 961FEE862D2183A8009AC4F9 /* HTTPAuthService.swift */; };
		961FEE9B2D2183A8009AC4F9 /* Login.swift in Sources */ = {isa = PBXBuildFile; fileRef = 961FEE872D2183A8009AC4F9 /* Login.swift */; };
		961FEE9C2D2183A8009AC4F9 /* LoginResponse.swift in Sources */ = {isa = PBXBuildFile; fileRef = 961FEE882D2183A8009AC4F9 /* LoginResponse.swift */; };
		961FEE9D2D2183A8009AC4F9 /* VaporCall.swift in Sources */ = {isa = PBXBuildFile; fileRef = 961FEE892D2183A8009AC4F9 /* VaporCall.swift */; };
		961FEE9E2D2183A8009AC4F9 /* ContentView.swift in Sources */ = {isa = PBXBuildFile; fileRef = 961FEE8D2D2183A8009AC4F9 /* ContentView.swift */; };
		961FEE9F2D2183A8009AC4F9 /* TodosApp.swift in Sources */ = {isa = PBXBuildFile; fileRef = 961FEE912D2183A8009AC4F9 /* TodosApp.swift */; };
		961FEEA12D218419009AC4F9 /* TodoService.swift in Sources */ = {isa = PBXBuildFile; fileRef = 961FEEA02D218417009AC4F9 /* TodoService.swift */; };
		961FEEA32D218460009AC4F9 /* PaginatedResponse.swift in Sources */ = {isa = PBXBuildFile; fileRef = 961FEEA22D21845B009AC4F9 /* PaginatedResponse.swift */; };
		961FEEA72D218A1A009AC4F9 /* HTTPTodoService.swift in Sources */ = {isa = PBXBuildFile; fileRef = 961FEEA62D218A16009AC4F9 /* HTTPTodoService.swift */; };
		961FEEB42D218F3F009AC4F9 /* Refresh.swift in Sources */ = {isa = PBXBuildFile; fileRef = 961FEEB32D218F3D009AC4F9 /* Refresh.swift */; };
		961FEEB62D218FB3009AC4F9 /* CreateUser.swift in Sources */ = {isa = PBXBuildFile; fileRef = 961FEEB52D218FAB009AC4F9 /* CreateUser.swift */; };
		961FEEB82D219050009AC4F9 /* GetUser.swift in Sources */ = {isa = PBXBuildFile; fileRef = 961FEEB72D21904E009AC4F9 /* GetUser.swift */; };
		961FEEBC2D2195F8009AC4F9 /* HTTPError.swift in Sources */ = {isa = PBXBuildFile; fileRef = 961FEEBB2D2195F0009AC4F9 /* HTTPError.swift */; };
		961FEEBE2D219B6A009AC4F9 /* AuthManager.swift in Sources */ = {isa = PBXBuildFile; fileRef = 961FEEBD2D219B62009AC4F9 /* AuthManager.swift */; };
		961FEEC02D21A3DF009AC4F9 /* AuthorizedHTTPService.swift in Sources */ = {isa = PBXBuildFile; fileRef = 961FEEBF2D21A3DA009AC4F9 /* AuthorizedHTTPService.swift */; };
		961FEEC52D21A76F009AC4F9 /* Environment+TodoService.swift in Sources */ = {isa = PBXBuildFile; fileRef = 961FEEC42D21A75E009AC4F9 /* Environment+TodoService.swift */; };
		961FEEC72D21AFC9009AC4F9 /* Environment+AuthManager.swift in Sources */ = {isa = PBXBuildFile; fileRef = 961FEEC62D21AFC2009AC4F9 /* Environment+AuthManager.swift */; };
		961FEEC92D21B0FF009AC4F9 /* LoginView.swift in Sources */ = {isa = PBXBuildFile; fileRef = 961FEEC82D21B0E9009AC4F9 /* LoginView.swift */; };
		961FEECC2D21B1E4009AC4F9 /* LoginAction.swift in Sources */ = {isa = PBXBuildFile; fileRef = 961FEECB2D21B1DE009AC4F9 /* LoginAction.swift */; };
		961FEED02D21BDAE009AC4F9 /* LogoutAction.swift in Sources */ = {isa = PBXBuildFile; fileRef = 961FEECF2D21BDAA009AC4F9 /* LogoutAction.swift */; };
		961FEED22D21C4E5009AC4F9 /* TodosView.swift in Sources */ = {isa = PBXBuildFile; fileRef = 961FEED12D21C4E2009AC4F9 /* TodosView.swift */; };
		961FEED42D21C511009AC4F9 /* TodoRow.swift in Sources */ = {isa = PBXBuildFile; fileRef = 961FEED32D21C50F009AC4F9 /* TodoRow.swift */; };
		961FEED62D21C7F8009AC4F9 /* ProfileView.swift in Sources */ = {isa = PBXBuildFile; fileRef = 961FEED52D21C7F6009AC4F9 /* ProfileView.swift */; };
		9677E8232D2427070069F629 /* UserService.swift in Sources */ = {isa = PBXBuildFile; fileRef = 9677E8222D2427040069F629 /* UserService.swift */; };
		9677E8252D2427240069F629 /* HTTPUserService.swift in Sources */ = {isa = PBXBuildFile; fileRef = 9677E8242D2427210069F629 /* HTTPUserService.swift */; };
		9677E82B2D24340C0069F629 /* AuthProvider.swift in Sources */ = {isa = PBXBuildFile; fileRef = 9677E82A2D2434090069F629 /* AuthProvider.swift */; };
		9677E82E2D243A980069F629 /* RequestAuthorizationAction.swift in Sources */ = {isa = PBXBuildFile; fileRef = 9677E82D2D243A900069F629 /* RequestAuthorizationAction.swift */; };
		9677E83C2D2585F60069F629 /* StorageKit in Frameworks */ = {isa = PBXBuildFile; productRef = 9677E83B2D2585F60069F629 /* StorageKit */; };
		9677E83F2D2586690069F629 /* StorageKit in Frameworks */ = {isa = PBXBuildFile; productRef = 9677E83E2D2586690069F629 /* StorageKit */; };
		9677E8412D258B7A0069F629 /* NotLoggedInView.swift in Sources */ = {isa = PBXBuildFile; fileRef = 9677E8402D258B680069F629 /* NotLoggedInView.swift */; };
		9677E8432D25B70D0069F629 /* CheckmarkToggleStyle.swift in Sources */ = {isa = PBXBuildFile; fileRef = 9677E8422D25B70D0069F629 /* CheckmarkToggleStyle.swift */; };
		9677E8452D25B7FE0069F629 /* PatchTodo.swift in Sources */ = {isa = PBXBuildFile; fileRef = 9677E8442D25B7FB0069F629 /* PatchTodo.swift */; };
		9677E8482D25C57E0069F629 /* Todo+Patch.swift in Sources */ = {isa = PBXBuildFile; fileRef = 9677E8472D25C57A0069F629 /* Todo+Patch.swift */; };
		9677E84C2D25C96E0069F629 /* DeleteTodo.swift in Sources */ = {isa = PBXBuildFile; fileRef = 9677E84B2D25C96C0069F629 /* DeleteTodo.swift */; };
		9677E84E2D25CAA90069F629 /* Todo+Create.swift in Sources */ = {isa = PBXBuildFile; fileRef = 9677E84D2D25CAA60069F629 /* Todo+Create.swift */; };
		9677E8502D25CB040069F629 /* CreateTodo.swift in Sources */ = {isa = PBXBuildFile; fileRef = 9677E84F2D25CB010069F629 /* CreateTodo.swift */; };
		9677E8522D25CD620069F629 /* CreateTodoView.swift in Sources */ = {isa = PBXBuildFile; fileRef = 9677E8512D25CD5F0069F629 /* CreateTodoView.swift */; };
		9677E8582D25CEF40069F629 /* TodoEntity.swift in Sources */ = {isa = PBXBuildFile; fileRef = 9677E8552D25CEF40069F629 /* TodoEntity.swift */; };
		9677E8592D25CEF40069F629 /* TodoEntityQuery.swift in Sources */ = {isa = PBXBuildFile; fileRef = 9677E8562D25CEF40069F629 /* TodoEntityQuery.swift */; };
		9677E85A2D25CEF40069F629 /* ToggleTodoIntent.swift in Sources */ = {isa = PBXBuildFile; fileRef = 9677E8572D25CEF40069F629 /* ToggleTodoIntent.swift */; };
/* End PBXBuildFile section */

/* Begin PBXFileReference section */
		961FEE4A2D217DA8009AC4F9 /* TodosApp.app */ = {isa = PBXFileReference; explicitFileType = wrapper.application; includeInIndex = 0; path = TodosApp.app; sourceTree = BUILT_PRODUCTS_DIR; };
		961FEE802D2183A8009AC4F9 /* Auth.swift */ = {isa = PBXFileReference; lastKnownFileType = sourcecode.swift; path = Auth.swift; sourceTree = "<group>"; };
		961FEE812D2183A8009AC4F9 /* Todo.swift */ = {isa = PBXFileReference; lastKnownFileType = sourcecode.swift; path = Todo.swift; sourceTree = "<group>"; };
		961FEE822D2183A8009AC4F9 /* User.swift */ = {isa = PBXFileReference; lastKnownFileType = sourcecode.swift; path = User.swift; sourceTree = "<group>"; };
		961FEE842D2183A8009AC4F9 /* AuthService.swift */ = {isa = PBXFileReference; lastKnownFileType = sourcecode.swift; path = AuthService.swift; sourceTree = "<group>"; };
		961FEE852D2183A8009AC4F9 /* GetTodos.swift */ = {isa = PBXFileReference; lastKnownFileType = sourcecode.swift; path = GetTodos.swift; sourceTree = "<group>"; };
		961FEE862D2183A8009AC4F9 /* HTTPAuthService.swift */ = {isa = PBXFileReference; lastKnownFileType = sourcecode.swift; path = HTTPAuthService.swift; sourceTree = "<group>"; };
		961FEE872D2183A8009AC4F9 /* Login.swift */ = {isa = PBXFileReference; lastKnownFileType = sourcecode.swift; path = Login.swift; sourceTree = "<group>"; };
		961FEE882D2183A8009AC4F9 /* LoginResponse.swift */ = {isa = PBXFileReference; lastKnownFileType = sourcecode.swift; path = LoginResponse.swift; sourceTree = "<group>"; };
		961FEE892D2183A8009AC4F9 /* VaporCall.swift */ = {isa = PBXFileReference; lastKnownFileType = sourcecode.swift; path = VaporCall.swift; sourceTree = "<group>"; };
		961FEE8B2D2183A8009AC4F9 /* Preview Assets.xcassets */ = {isa = PBXFileReference; lastKnownFileType = folder.assetcatalog; path = "Preview Assets.xcassets"; sourceTree = "<group>"; };
		961FEE8D2D2183A8009AC4F9 /* ContentView.swift */ = {isa = PBXFileReference; lastKnownFileType = sourcecode.swift; path = ContentView.swift; sourceTree = "<group>"; };
		961FEE8F2D2183A8009AC4F9 /* Assets.xcassets */ = {isa = PBXFileReference; lastKnownFileType = folder.assetcatalog; path = Assets.xcassets; sourceTree = "<group>"; };
		961FEE902D2183A8009AC4F9 /* TodosApp.entitlements */ = {isa = PBXFileReference; lastKnownFileType = text.plist.entitlements; path = TodosApp.entitlements; sourceTree = "<group>"; };
		961FEE912D2183A8009AC4F9 /* TodosApp.swift */ = {isa = PBXFileReference; lastKnownFileType = sourcecode.swift; path = TodosApp.swift; sourceTree = "<group>"; };
		961FEEA02D218417009AC4F9 /* TodoService.swift */ = {isa = PBXFileReference; lastKnownFileType = sourcecode.swift; path = TodoService.swift; sourceTree = "<group>"; };
		961FEEA22D21845B009AC4F9 /* PaginatedResponse.swift */ = {isa = PBXFileReference; lastKnownFileType = sourcecode.swift; path = PaginatedResponse.swift; sourceTree = "<group>"; };
		961FEEA62D218A16009AC4F9 /* HTTPTodoService.swift */ = {isa = PBXFileReference; lastKnownFileType = sourcecode.swift; path = HTTPTodoService.swift; sourceTree = "<group>"; };
		961FEEB32D218F3D009AC4F9 /* Refresh.swift */ = {isa = PBXFileReference; lastKnownFileType = sourcecode.swift; path = Refresh.swift; sourceTree = "<group>"; };
		961FEEB52D218FAB009AC4F9 /* CreateUser.swift */ = {isa = PBXFileReference; lastKnownFileType = sourcecode.swift; path = CreateUser.swift; sourceTree = "<group>"; };
		961FEEB72D21904E009AC4F9 /* GetUser.swift */ = {isa = PBXFileReference; lastKnownFileType = sourcecode.swift; path = GetUser.swift; sourceTree = "<group>"; };
		961FEEBB2D2195F0009AC4F9 /* HTTPError.swift */ = {isa = PBXFileReference; lastKnownFileType = sourcecode.swift; path = HTTPError.swift; sourceTree = "<group>"; };
		961FEEBD2D219B62009AC4F9 /* AuthManager.swift */ = {isa = PBXFileReference; lastKnownFileType = sourcecode.swift; path = AuthManager.swift; sourceTree = "<group>"; };
		961FEEBF2D21A3DA009AC4F9 /* AuthorizedHTTPService.swift */ = {isa = PBXFileReference; lastKnownFileType = sourcecode.swift; path = AuthorizedHTTPService.swift; sourceTree = "<group>"; };
		961FEEC32D21A6DF009AC4F9 /* Info.plist */ = {isa = PBXFileReference; lastKnownFileType = text.plist; path = Info.plist; sourceTree = "<group>"; };
		961FEEC42D21A75E009AC4F9 /* Environment+TodoService.swift */ = {isa = PBXFileReference; lastKnownFileType = sourcecode.swift; path = "Environment+TodoService.swift"; sourceTree = "<group>"; };
		961FEEC62D21AFC2009AC4F9 /* Environment+AuthManager.swift */ = {isa = PBXFileReference; lastKnownFileType = sourcecode.swift; path = "Environment+AuthManager.swift"; sourceTree = "<group>"; };
		961FEEC82D21B0E9009AC4F9 /* LoginView.swift */ = {isa = PBXFileReference; lastKnownFileType = sourcecode.swift; path = LoginView.swift; sourceTree = "<group>"; };
		961FEECB2D21B1DE009AC4F9 /* LoginAction.swift */ = {isa = PBXFileReference; lastKnownFileType = sourcecode.swift; path = LoginAction.swift; sourceTree = "<group>"; };
		961FEECF2D21BDAA009AC4F9 /* LogoutAction.swift */ = {isa = PBXFileReference; lastKnownFileType = sourcecode.swift; path = LogoutAction.swift; sourceTree = "<group>"; };
		961FEED12D21C4E2009AC4F9 /* TodosView.swift */ = {isa = PBXFileReference; lastKnownFileType = sourcecode.swift; path = TodosView.swift; sourceTree = "<group>"; };
		961FEED32D21C50F009AC4F9 /* TodoRow.swift */ = {isa = PBXFileReference; lastKnownFileType = sourcecode.swift; path = TodoRow.swift; sourceTree = "<group>"; };
		961FEED52D21C7F6009AC4F9 /* ProfileView.swift */ = {isa = PBXFileReference; lastKnownFileType = sourcecode.swift; path = ProfileView.swift; sourceTree = "<group>"; };
		9677E8222D2427040069F629 /* UserService.swift */ = {isa = PBXFileReference; lastKnownFileType = sourcecode.swift; path = UserService.swift; sourceTree = "<group>"; };
		9677E8242D2427210069F629 /* HTTPUserService.swift */ = {isa = PBXFileReference; lastKnownFileType = sourcecode.swift; path = HTTPUserService.swift; sourceTree = "<group>"; };
		9677E82A2D2434090069F629 /* AuthProvider.swift */ = {isa = PBXFileReference; lastKnownFileType = sourcecode.swift; path = AuthProvider.swift; sourceTree = "<group>"; };
		9677E82D2D243A900069F629 /* RequestAuthorizationAction.swift */ = {isa = PBXFileReference; lastKnownFileType = sourcecode.swift; path = RequestAuthorizationAction.swift; sourceTree = "<group>"; };
		9677E8402D258B680069F629 /* NotLoggedInView.swift */ = {isa = PBXFileReference; lastKnownFileType = sourcecode.swift; path = NotLoggedInView.swift; sourceTree = "<group>"; };
		9677E8422D25B70D0069F629 /* CheckmarkToggleStyle.swift */ = {isa = PBXFileReference; lastKnownFileType = sourcecode.swift; path = CheckmarkToggleStyle.swift; sourceTree = "<group>"; };
		9677E8442D25B7FB0069F629 /* PatchTodo.swift */ = {isa = PBXFileReference; lastKnownFileType = sourcecode.swift; path = PatchTodo.swift; sourceTree = "<group>"; };
		9677E8472D25C57A0069F629 /* Todo+Patch.swift */ = {isa = PBXFileReference; lastKnownFileType = sourcecode.swift; path = "Todo+Patch.swift"; sourceTree = "<group>"; };
		9677E84B2D25C96C0069F629 /* DeleteTodo.swift */ = {isa = PBXFileReference; lastKnownFileType = sourcecode.swift; path = DeleteTodo.swift; sourceTree = "<group>"; };
		9677E84D2D25CAA60069F629 /* Todo+Create.swift */ = {isa = PBXFileReference; lastKnownFileType = sourcecode.swift; path = "Todo+Create.swift"; sourceTree = "<group>"; };
		9677E84F2D25CB010069F629 /* CreateTodo.swift */ = {isa = PBXFileReference; lastKnownFileType = sourcecode.swift; path = CreateTodo.swift; sourceTree = "<group>"; };
		9677E8512D25CD5F0069F629 /* CreateTodoView.swift */ = {isa = PBXFileReference; lastKnownFileType = sourcecode.swift; path = CreateTodoView.swift; sourceTree = "<group>"; };
		9677E8552D25CEF40069F629 /* TodoEntity.swift */ = {isa = PBXFileReference; lastKnownFileType = sourcecode.swift; path = TodoEntity.swift; sourceTree = "<group>"; };
		9677E8562D25CEF40069F629 /* TodoEntityQuery.swift */ = {isa = PBXFileReference; lastKnownFileType = sourcecode.swift; path = TodoEntityQuery.swift; sourceTree = "<group>"; };
		9677E8572D25CEF40069F629 /* ToggleTodoIntent.swift */ = {isa = PBXFileReference; lastKnownFileType = sourcecode.swift; path = ToggleTodoIntent.swift; sourceTree = "<group>"; };
/* End PBXFileReference section */

/* Begin PBXFrameworksBuildPhase section */
		961FEE472D217DA8009AC4F9 /* Frameworks */ = {
			isa = PBXFrameworksBuildPhase;
			buildActionMask = 2147483647;
			files = (
				961FEE672D217F39009AC4F9 /* Melatonin in Frameworks */,
				9677E83C2D2585F60069F629 /* StorageKit in Frameworks */,
				9677E83F2D2586690069F629 /* StorageKit in Frameworks */,
			);
			runOnlyForDeploymentPostprocessing = 0;
		};
/* End PBXFrameworksBuildPhase section */

/* Begin PBXGroup section */
		961FEE412D217DA8009AC4F9 = {
			isa = PBXGroup;
			children = (
				961FEE922D2183A8009AC4F9 /* TodosApp */,
				961FEE4B2D217DA8009AC4F9 /* Products */,
			);
			sourceTree = "<group>";
		};
		961FEE4B2D217DA8009AC4F9 /* Products */ = {
			isa = PBXGroup;
			children = (
				961FEE4A2D217DA8009AC4F9 /* TodosApp.app */,
			);
			name = Products;
			sourceTree = "<group>";
		};
		961FEE832D2183A8009AC4F9 /* Models */ = {
			isa = PBXGroup;
			children = (
				961FEE802D2183A8009AC4F9 /* Auth.swift */,
				961FEE812D2183A8009AC4F9 /* Todo.swift */,
				961FEE822D2183A8009AC4F9 /* User.swift */,
			);
			path = Models;
			sourceTree = "<group>";
		};
		961FEE8A2D2183A8009AC4F9 /* Networking */ = {
			isa = PBXGroup;
			children = (
				9677E8462D25C5690069F629 /* Payloads */,
				9677E82C2D2435D10069F629 /* Auth */,
				961FEEB12D218C0D009AC4F9 /* HTTP Calls */,
				961FEEB02D218C03009AC4F9 /* Endpoints */,
				961FEEAD2D218BDD009AC4F9 /* Services */,
				961FEEAC2D218BBD009AC4F9 /* Responses */,
			);
			path = Networking;
			sourceTree = "<group>";
		};
		961FEE8C2D2183A8009AC4F9 /* Preview Content */ = {
			isa = PBXGroup;
			children = (
				961FEE8B2D2183A8009AC4F9 /* Preview Assets.xcassets */,
			);
			path = "Preview Content";
			sourceTree = "<group>";
		};
		961FEE8E2D2183A8009AC4F9 /* Views */ = {
			isa = PBXGroup;
			children = (
				961FEE8D2D2183A8009AC4F9 /* ContentView.swift */,
				9677E8402D258B680069F629 /* NotLoggedInView.swift */,
				961FEED12D21C4E2009AC4F9 /* TodosView.swift */,
				9677E8512D25CD5F0069F629 /* CreateTodoView.swift */,
				961FEED52D21C7F6009AC4F9 /* ProfileView.swift */,
				961FEED32D21C50F009AC4F9 /* TodoRow.swift */,
				961FEEC82D21B0E9009AC4F9 /* LoginView.swift */,
				9677E8532D25CE6B0069F629 /* Helpers */,
			);
			path = Views;
			sourceTree = "<group>";
		};
		961FEE922D2183A8009AC4F9 /* TodosApp */ = {
			isa = PBXGroup;
			children = (
				961FEEC32D21A6DF009AC4F9 /* Info.plist */,
				961FEE902D2183A8009AC4F9 /* TodosApp.entitlements */,
				961FEE912D2183A8009AC4F9 /* TodosApp.swift */,
				961FEECA2D21B1D4009AC4F9 /* Environment */,
				9677E8542D25CEC80069F629 /* App Intents */,
				961FEE832D2183A8009AC4F9 /* Models */,
				961FEE8E2D2183A8009AC4F9 /* Views */,
				961FEE8A2D2183A8009AC4F9 /* Networking */,
				961FEE8C2D2183A8009AC4F9 /* Preview Content */,
				961FEE8F2D2183A8009AC4F9 /* Assets.xcassets */,
			);
			path = TodosApp;
			sourceTree = "<group>";
		};
		961FEEAC2D218BBD009AC4F9 /* Responses */ = {
			isa = PBXGroup;
			children = (
				961FEE882D2183A8009AC4F9 /* LoginResponse.swift */,
				961FEEA22D21845B009AC4F9 /* PaginatedResponse.swift */,
			);
			path = Responses;
			sourceTree = "<group>";
		};
		961FEEAD2D218BDD009AC4F9 /* Services */ = {
			isa = PBXGroup;
			children = (
				9677E8212D2426FF0069F629 /* User */,
				961FEEAE2D218BE9009AC4F9 /* Auth */,
				961FEEAF2D218BEF009AC4F9 /* Todo */,
			);
			path = Services;
			sourceTree = "<group>";
		};
		961FEEAE2D218BE9009AC4F9 /* Auth */ = {
			isa = PBXGroup;
			children = (
				961FEE842D2183A8009AC4F9 /* AuthService.swift */,
				961FEE862D2183A8009AC4F9 /* HTTPAuthService.swift */,
			);
			path = Auth;
			sourceTree = "<group>";
		};
		961FEEAF2D218BEF009AC4F9 /* Todo */ = {
			isa = PBXGroup;
			children = (
				961FEEA02D218417009AC4F9 /* TodoService.swift */,
				961FEEA62D218A16009AC4F9 /* HTTPTodoService.swift */,
			);
			path = Todo;
			sourceTree = "<group>";
		};
		961FEEB02D218C03009AC4F9 /* Endpoints */ = {
			isa = PBXGroup;
			children = (
				961FEEB52D218FAB009AC4F9 /* CreateUser.swift */,
				961FEE872D2183A8009AC4F9 /* Login.swift */,
				961FEEB32D218F3D009AC4F9 /* Refresh.swift */,
				961FEE852D2183A8009AC4F9 /* GetTodos.swift */,
				9677E8442D25B7FB0069F629 /* PatchTodo.swift */,
				9677E84B2D25C96C0069F629 /* DeleteTodo.swift */,
				9677E84F2D25CB010069F629 /* CreateTodo.swift */,
				961FEEB72D21904E009AC4F9 /* GetUser.swift */,
			);
			path = Endpoints;
			sourceTree = "<group>";
		};
		961FEEB12D218C0D009AC4F9 /* HTTP Calls */ = {
			isa = PBXGroup;
			children = (
				961FEE892D2183A8009AC4F9 /* VaporCall.swift */,
			);
			path = "HTTP Calls";
			sourceTree = "<group>";
		};
		961FEECA2D21B1D4009AC4F9 /* Environment */ = {
			isa = PBXGroup;
			children = (
				961FEEC62D21AFC2009AC4F9 /* Environment+AuthManager.swift */,
				961FEEC42D21A75E009AC4F9 /* Environment+TodoService.swift */,
				9677E82F2D243E7D0069F629 /* Environment Actions */,
			);
			path = Environment;
			sourceTree = "<group>";
		};
		9677E8212D2426FF0069F629 /* User */ = {
			isa = PBXGroup;
			children = (
				9677E8222D2427040069F629 /* UserService.swift */,
				9677E8242D2427210069F629 /* HTTPUserService.swift */,
			);
			path = User;
			sourceTree = "<group>";
		};
		9677E82C2D2435D10069F629 /* Auth */ = {
			isa = PBXGroup;
			children = (
				961FEEBF2D21A3DA009AC4F9 /* AuthorizedHTTPService.swift */,
				961FEEBB2D2195F0009AC4F9 /* HTTPError.swift */,
				9677E82A2D2434090069F629 /* AuthProvider.swift */,
				961FEEBD2D219B62009AC4F9 /* AuthManager.swift */,
			);
			path = Auth;
			sourceTree = "<group>";
		};
		9677E82F2D243E7D0069F629 /* Environment Actions */ = {
			isa = PBXGroup;
			children = (
				961FEECB2D21B1DE009AC4F9 /* LoginAction.swift */,
				961FEECF2D21BDAA009AC4F9 /* LogoutAction.swift */,
				9677E82D2D243A900069F629 /* RequestAuthorizationAction.swift */,
			);
			path = "Environment Actions";
			sourceTree = "<group>";
		};
		9677E8462D25C5690069F629 /* Payloads */ = {
			isa = PBXGroup;
			children = (
				9677E8472D25C57A0069F629 /* Todo+Patch.swift */,
				9677E84D2D25CAA60069F629 /* Todo+Create.swift */,
			);
			path = Payloads;
			sourceTree = "<group>";
		};
		9677E8532D25CE6B0069F629 /* Helpers */ = {
			isa = PBXGroup;
			children = (
				9677E8422D25B70D0069F629 /* CheckmarkToggleStyle.swift */,
			);
			path = Helpers;
			sourceTree = "<group>";
		};
		9677E8542D25CEC80069F629 /* App Intents */ = {
			isa = PBXGroup;
			children = (
				9677E8552D25CEF40069F629 /* TodoEntity.swift */,
				9677E8562D25CEF40069F629 /* TodoEntityQuery.swift */,
				9677E8572D25CEF40069F629 /* ToggleTodoIntent.swift */,
			);
			path = "App Intents";
			sourceTree = "<group>";
		};
/* End PBXGroup section */

/* Begin PBXNativeTarget section */
		961FEE492D217DA8009AC4F9 /* TodosApp */ = {
			isa = PBXNativeTarget;
			buildConfigurationList = 961FEE592D217DA9009AC4F9 /* Build configuration list for PBXNativeTarget "TodosApp" */;
			buildPhases = (
				961FEE462D217DA8009AC4F9 /* Sources */,
				961FEE472D217DA8009AC4F9 /* Frameworks */,
				961FEE482D217DA8009AC4F9 /* Resources */,
			);
			buildRules = (
			);
			dependencies = (
			);
			name = TodosApp;
			packageProductDependencies = (
				961FEE662D217F39009AC4F9 /* Melatonin */,
				9677E83B2D2585F60069F629 /* StorageKit */,
				9677E83E2D2586690069F629 /* StorageKit */,
			);
			productName = TodosApp;
			productReference = 961FEE4A2D217DA8009AC4F9 /* TodosApp.app */;
			productType = "com.apple.product-type.application";
		};
/* End PBXNativeTarget section */

/* Begin PBXProject section */
		961FEE422D217DA8009AC4F9 /* Project object */ = {
			isa = PBXProject;
			attributes = {
				BuildIndependentTargetsInParallel = 1;
				LastSwiftUpdateCheck = 1620;
				LastUpgradeCheck = 1620;
				TargetAttributes = {
					961FEE492D217DA8009AC4F9 = {
						CreatedOnToolsVersion = 16.2;
					};
				};
			};
			buildConfigurationList = 961FEE452D217DA8009AC4F9 /* Build configuration list for PBXProject "TodosApp" */;
			developmentRegion = en;
			hasScannedForEncodings = 0;
			knownRegions = (
				en,
				Base,
			);
			mainGroup = 961FEE412D217DA8009AC4F9;
			minimizedProjectReferenceProxies = 1;
			packageReferences = (
				961FEE652D217F39009AC4F9 /* XCRemoteSwiftPackageReference "Melatonin" */,
				9677E83D2D2586690069F629 /* XCLocalSwiftPackageReference "Packages/StorageKit" */,
			);
			preferredProjectObjectVersion = 77;
			productRefGroup = 961FEE4B2D217DA8009AC4F9 /* Products */;
			projectDirPath = "";
			projectRoot = "";
			targets = (
				961FEE492D217DA8009AC4F9 /* TodosApp */,
			);
		};
/* End PBXProject section */

/* Begin PBXResourcesBuildPhase section */
		961FEE482D217DA8009AC4F9 /* Resources */ = {
			isa = PBXResourcesBuildPhase;
			buildActionMask = 2147483647;
			files = (
				961FEE932D2183A8009AC4F9 /* Preview Assets.xcassets in Resources */,
				961FEE942D2183A8009AC4F9 /* Assets.xcassets in Resources */,
			);
			runOnlyForDeploymentPostprocessing = 0;
		};
/* End PBXResourcesBuildPhase section */

/* Begin PBXSourcesBuildPhase section */
		961FEE462D217DA8009AC4F9 /* Sources */ = {
			isa = PBXSourcesBuildPhase;
			buildActionMask = 2147483647;
			files = (
				961FEE952D2183A8009AC4F9 /* Auth.swift in Sources */,
				961FEECC2D21B1E4009AC4F9 /* LoginAction.swift in Sources */,
				961FEED42D21C511009AC4F9 /* TodoRow.swift in Sources */,
				9677E84C2D25C96E0069F629 /* DeleteTodo.swift in Sources */,
				961FEE962D2183A8009AC4F9 /* Todo.swift in Sources */,
				961FEEC02D21A3DF009AC4F9 /* AuthorizedHTTPService.swift in Sources */,
				961FEEC72D21AFC9009AC4F9 /* Environment+AuthManager.swift in Sources */,
				9677E82B2D24340C0069F629 /* AuthProvider.swift in Sources */,
				961FEE972D2183A8009AC4F9 /* User.swift in Sources */,
				9677E8582D25CEF40069F629 /* TodoEntity.swift in Sources */,
				9677E8592D25CEF40069F629 /* TodoEntityQuery.swift in Sources */,
				9677E85A2D25CEF40069F629 /* ToggleTodoIntent.swift in Sources */,
				961FEEB82D219050009AC4F9 /* GetUser.swift in Sources */,
				961FEEA12D218419009AC4F9 /* TodoService.swift in Sources */,
				961FEEA32D218460009AC4F9 /* PaginatedResponse.swift in Sources */,
				9677E8432D25B70D0069F629 /* CheckmarkToggleStyle.swift in Sources */,
				961FEE982D2183A8009AC4F9 /* AuthService.swift in Sources */,
				961FEE992D2183A8009AC4F9 /* GetTodos.swift in Sources */,
				961FEEB42D218F3F009AC4F9 /* Refresh.swift in Sources */,
				961FEEA72D218A1A009AC4F9 /* HTTPTodoService.swift in Sources */,
				961FEE9A2D2183A8009AC4F9 /* HTTPAuthService.swift in Sources */,
				9677E8502D25CB040069F629 /* CreateTodo.swift in Sources */,
				961FEEC92D21B0FF009AC4F9 /* LoginView.swift in Sources */,
				961FEE9B2D2183A8009AC4F9 /* Login.swift in Sources */,
				961FEE9C2D2183A8009AC4F9 /* LoginResponse.swift in Sources */,
				9677E84E2D25CAA90069F629 /* Todo+Create.swift in Sources */,
				9677E8412D258B7A0069F629 /* NotLoggedInView.swift in Sources */,
				961FEEBE2D219B6A009AC4F9 /* AuthManager.swift in Sources */,
				961FEEC52D21A76F009AC4F9 /* Environment+TodoService.swift in Sources */,
				9677E82E2D243A980069F629 /* RequestAuthorizationAction.swift in Sources */,
				9677E8482D25C57E0069F629 /* Todo+Patch.swift in Sources */,
				9677E8522D25CD620069F629 /* CreateTodoView.swift in Sources */,
				961FEE9D2D2183A8009AC4F9 /* VaporCall.swift in Sources */,
				961FEE9E2D2183A8009AC4F9 /* ContentView.swift in Sources */,
				961FEEB62D218FB3009AC4F9 /* CreateUser.swift in Sources */,
				961FEED22D21C4E5009AC4F9 /* TodosView.swift in Sources */,
				961FEEBC2D2195F8009AC4F9 /* HTTPError.swift in Sources */,
				9677E8452D25B7FE0069F629 /* PatchTodo.swift in Sources */,
				961FEED02D21BDAE009AC4F9 /* LogoutAction.swift in Sources */,
				9677E8232D2427070069F629 /* UserService.swift in Sources */,
				961FEED62D21C7F8009AC4F9 /* ProfileView.swift in Sources */,
				9677E8252D2427240069F629 /* HTTPUserService.swift in Sources */,
				961FEE9F2D2183A8009AC4F9 /* TodosApp.swift in Sources */,
			);
			runOnlyForDeploymentPostprocessing = 0;
		};
/* End PBXSourcesBuildPhase section */

/* Begin XCBuildConfiguration section */
		961FEE572D217DA9009AC4F9 /* Debug */ = {
			isa = XCBuildConfiguration;
			buildSettings = {
				ALWAYS_SEARCH_USER_PATHS = NO;
				ASSETCATALOG_COMPILER_GENERATE_SWIFT_ASSET_SYMBOL_EXTENSIONS = YES;
				CLANG_ANALYZER_NONNULL = YES;
				CLANG_ANALYZER_NUMBER_OBJECT_CONVERSION = YES_AGGRESSIVE;
				CLANG_CXX_LANGUAGE_STANDARD = "gnu++20";
				CLANG_ENABLE_MODULES = YES;
				CLANG_ENABLE_OBJC_ARC = YES;
				CLANG_ENABLE_OBJC_WEAK = YES;
				CLANG_WARN_BLOCK_CAPTURE_AUTORELEASING = YES;
				CLANG_WARN_BOOL_CONVERSION = YES;
				CLANG_WARN_COMMA = YES;
				CLANG_WARN_CONSTANT_CONVERSION = YES;
				CLANG_WARN_DEPRECATED_OBJC_IMPLEMENTATIONS = YES;
				CLANG_WARN_DIRECT_OBJC_ISA_USAGE = YES_ERROR;
				CLANG_WARN_DOCUMENTATION_COMMENTS = YES;
				CLANG_WARN_EMPTY_BODY = YES;
				CLANG_WARN_ENUM_CONVERSION = YES;
				CLANG_WARN_INFINITE_RECURSION = YES;
				CLANG_WARN_INT_CONVERSION = YES;
				CLANG_WARN_NON_LITERAL_NULL_CONVERSION = YES;
				CLANG_WARN_OBJC_IMPLICIT_RETAIN_SELF = YES;
				CLANG_WARN_OBJC_LITERAL_CONVERSION = YES;
				CLANG_WARN_OBJC_ROOT_CLASS = YES_ERROR;
				CLANG_WARN_QUOTED_INCLUDE_IN_FRAMEWORK_HEADER = YES;
				CLANG_WARN_RANGE_LOOP_ANALYSIS = YES;
				CLANG_WARN_STRICT_PROTOTYPES = YES;
				CLANG_WARN_SUSPICIOUS_MOVE = YES;
				CLANG_WARN_UNGUARDED_AVAILABILITY = YES_AGGRESSIVE;
				CLANG_WARN_UNREACHABLE_CODE = YES;
				CLANG_WARN__DUPLICATE_METHOD_MATCH = YES;
				COPY_PHASE_STRIP = NO;
				DEBUG_INFORMATION_FORMAT = dwarf;
				ENABLE_STRICT_OBJC_MSGSEND = YES;
				ENABLE_TESTABILITY = YES;
				ENABLE_USER_SCRIPT_SANDBOXING = YES;
				GCC_C_LANGUAGE_STANDARD = gnu17;
				GCC_DYNAMIC_NO_PIC = NO;
				GCC_NO_COMMON_BLOCKS = YES;
				GCC_OPTIMIZATION_LEVEL = 0;
				GCC_PREPROCESSOR_DEFINITIONS = (
					"DEBUG=1",
					"$(inherited)",
				);
				GCC_WARN_64_TO_32_BIT_CONVERSION = YES;
				GCC_WARN_ABOUT_RETURN_TYPE = YES_ERROR;
				GCC_WARN_UNDECLARED_SELECTOR = YES;
				GCC_WARN_UNINITIALIZED_AUTOS = YES_AGGRESSIVE;
				GCC_WARN_UNUSED_FUNCTION = YES;
				GCC_WARN_UNUSED_VARIABLE = YES;
				LOCALIZATION_PREFERS_STRING_CATALOGS = YES;
				MTL_ENABLE_DEBUG_INFO = INCLUDE_SOURCE;
				MTL_FAST_MATH = YES;
				ONLY_ACTIVE_ARCH = YES;
				SWIFT_ACTIVE_COMPILATION_CONDITIONS = "DEBUG $(inherited)";
				SWIFT_OPTIMIZATION_LEVEL = "-Onone";
			};
			name = Debug;
		};
		961FEE582D217DA9009AC4F9 /* Release */ = {
			isa = XCBuildConfiguration;
			buildSettings = {
				ALWAYS_SEARCH_USER_PATHS = NO;
				ASSETCATALOG_COMPILER_GENERATE_SWIFT_ASSET_SYMBOL_EXTENSIONS = YES;
				CLANG_ANALYZER_NONNULL = YES;
				CLANG_ANALYZER_NUMBER_OBJECT_CONVERSION = YES_AGGRESSIVE;
				CLANG_CXX_LANGUAGE_STANDARD = "gnu++20";
				CLANG_ENABLE_MODULES = YES;
				CLANG_ENABLE_OBJC_ARC = YES;
				CLANG_ENABLE_OBJC_WEAK = YES;
				CLANG_WARN_BLOCK_CAPTURE_AUTORELEASING = YES;
				CLANG_WARN_BOOL_CONVERSION = YES;
				CLANG_WARN_COMMA = YES;
				CLANG_WARN_CONSTANT_CONVERSION = YES;
				CLANG_WARN_DEPRECATED_OBJC_IMPLEMENTATIONS = YES;
				CLANG_WARN_DIRECT_OBJC_ISA_USAGE = YES_ERROR;
				CLANG_WARN_DOCUMENTATION_COMMENTS = YES;
				CLANG_WARN_EMPTY_BODY = YES;
				CLANG_WARN_ENUM_CONVERSION = YES;
				CLANG_WARN_INFINITE_RECURSION = YES;
				CLANG_WARN_INT_CONVERSION = YES;
				CLANG_WARN_NON_LITERAL_NULL_CONVERSION = YES;
				CLANG_WARN_OBJC_IMPLICIT_RETAIN_SELF = YES;
				CLANG_WARN_OBJC_LITERAL_CONVERSION = YES;
				CLANG_WARN_OBJC_ROOT_CLASS = YES_ERROR;
				CLANG_WARN_QUOTED_INCLUDE_IN_FRAMEWORK_HEADER = YES;
				CLANG_WARN_RANGE_LOOP_ANALYSIS = YES;
				CLANG_WARN_STRICT_PROTOTYPES = YES;
				CLANG_WARN_SUSPICIOUS_MOVE = YES;
				CLANG_WARN_UNGUARDED_AVAILABILITY = YES_AGGRESSIVE;
				CLANG_WARN_UNREACHABLE_CODE = YES;
				CLANG_WARN__DUPLICATE_METHOD_MATCH = YES;
				COPY_PHASE_STRIP = NO;
				DEBUG_INFORMATION_FORMAT = "dwarf-with-dsym";
				ENABLE_NS_ASSERTIONS = NO;
				ENABLE_STRICT_OBJC_MSGSEND = YES;
				ENABLE_USER_SCRIPT_SANDBOXING = YES;
				GCC_C_LANGUAGE_STANDARD = gnu17;
				GCC_NO_COMMON_BLOCKS = YES;
				GCC_WARN_64_TO_32_BIT_CONVERSION = YES;
				GCC_WARN_ABOUT_RETURN_TYPE = YES_ERROR;
				GCC_WARN_UNDECLARED_SELECTOR = YES;
				GCC_WARN_UNINITIALIZED_AUTOS = YES_AGGRESSIVE;
				GCC_WARN_UNUSED_FUNCTION = YES;
				GCC_WARN_UNUSED_VARIABLE = YES;
				LOCALIZATION_PREFERS_STRING_CATALOGS = YES;
				MTL_ENABLE_DEBUG_INFO = NO;
				MTL_FAST_MATH = YES;
				SWIFT_COMPILATION_MODE = wholemodule;
			};
			name = Release;
		};
		961FEE5A2D217DA9009AC4F9 /* Debug */ = {
			isa = XCBuildConfiguration;
			buildSettings = {
				ASSETCATALOG_COMPILER_APPICON_NAME = AppIcon;
				ASSETCATALOG_COMPILER_GLOBAL_ACCENT_COLOR_NAME = AccentColor;
				CODE_SIGN_ENTITLEMENTS = TodosApp/TodosApp.entitlements;
				CODE_SIGN_STYLE = Automatic;
				CURRENT_PROJECT_VERSION = 1;
				DEVELOPMENT_ASSET_PATHS = "\"TodosApp/Preview Content\"";
				DEVELOPMENT_TEAM = 5T8PE57A89;
				ENABLE_HARDENED_RUNTIME = YES;
				ENABLE_PREVIEWS = YES;
				GENERATE_INFOPLIST_FILE = YES;
				INFOPLIST_FILE = TodosApp/Info.plist;
				"INFOPLIST_KEY_UIApplicationSceneManifest_Generation[sdk=iphoneos*]" = YES;
				"INFOPLIST_KEY_UIApplicationSceneManifest_Generation[sdk=iphonesimulator*]" = YES;
				"INFOPLIST_KEY_UIApplicationSupportsIndirectInputEvents[sdk=iphoneos*]" = YES;
				"INFOPLIST_KEY_UIApplicationSupportsIndirectInputEvents[sdk=iphonesimulator*]" = YES;
				"INFOPLIST_KEY_UILaunchScreen_Generation[sdk=iphoneos*]" = YES;
				"INFOPLIST_KEY_UILaunchScreen_Generation[sdk=iphonesimulator*]" = YES;
				"INFOPLIST_KEY_UIStatusBarStyle[sdk=iphoneos*]" = UIStatusBarStyleDefault;
				"INFOPLIST_KEY_UIStatusBarStyle[sdk=iphonesimulator*]" = UIStatusBarStyleDefault;
				INFOPLIST_KEY_UISupportedInterfaceOrientations_iPad = "UIInterfaceOrientationPortrait UIInterfaceOrientationPortraitUpsideDown UIInterfaceOrientationLandscapeLeft UIInterfaceOrientationLandscapeRight";
				INFOPLIST_KEY_UISupportedInterfaceOrientations_iPhone = "UIInterfaceOrientationPortrait UIInterfaceOrientationLandscapeLeft UIInterfaceOrientationLandscapeRight";
				IPHONEOS_DEPLOYMENT_TARGET = 18.2;
				LD_RUNPATH_SEARCH_PATHS = "@executable_path/Frameworks";
				"LD_RUNPATH_SEARCH_PATHS[sdk=macosx*]" = "@executable_path/../Frameworks";
				MACOSX_DEPLOYMENT_TARGET = 15.2;
				MARKETING_VERSION = 1.0;
				PRODUCT_BUNDLE_IDENTIFIER = "org.the-braveknight.TodosApp";
				PRODUCT_NAME = "$(TARGET_NAME)";
				SDKROOT = auto;
				SUPPORTED_PLATFORMS = "iphoneos iphonesimulator macosx xros xrsimulator";
				SWIFT_EMIT_LOC_STRINGS = YES;
				SWIFT_VERSION = 5.0;
				TARGETED_DEVICE_FAMILY = "1,2,7";
				XROS_DEPLOYMENT_TARGET = 2.2;
			};
			name = Debug;
		};
		961FEE5B2D217DA9009AC4F9 /* Release */ = {
			isa = XCBuildConfiguration;
			buildSettings = {
				ASSETCATALOG_COMPILER_APPICON_NAME = AppIcon;
				ASSETCATALOG_COMPILER_GLOBAL_ACCENT_COLOR_NAME = AccentColor;
				CODE_SIGN_ENTITLEMENTS = TodosApp/TodosApp.entitlements;
				CODE_SIGN_STYLE = Automatic;
				CURRENT_PROJECT_VERSION = 1;
				DEVELOPMENT_ASSET_PATHS = "\"TodosApp/Preview Content\"";
				DEVELOPMENT_TEAM = 5T8PE57A89;
				ENABLE_HARDENED_RUNTIME = YES;
				ENABLE_PREVIEWS = YES;
				GENERATE_INFOPLIST_FILE = YES;
				INFOPLIST_FILE = TodosApp/Info.plist;
				"INFOPLIST_KEY_UIApplicationSceneManifest_Generation[sdk=iphoneos*]" = YES;
				"INFOPLIST_KEY_UIApplicationSceneManifest_Generation[sdk=iphonesimulator*]" = YES;
				"INFOPLIST_KEY_UIApplicationSupportsIndirectInputEvents[sdk=iphoneos*]" = YES;
				"INFOPLIST_KEY_UIApplicationSupportsIndirectInputEvents[sdk=iphonesimulator*]" = YES;
				"INFOPLIST_KEY_UILaunchScreen_Generation[sdk=iphoneos*]" = YES;
				"INFOPLIST_KEY_UILaunchScreen_Generation[sdk=iphonesimulator*]" = YES;
				"INFOPLIST_KEY_UIStatusBarStyle[sdk=iphoneos*]" = UIStatusBarStyleDefault;
				"INFOPLIST_KEY_UIStatusBarStyle[sdk=iphonesimulator*]" = UIStatusBarStyleDefault;
				INFOPLIST_KEY_UISupportedInterfaceOrientations_iPad = "UIInterfaceOrientationPortrait UIInterfaceOrientationPortraitUpsideDown UIInterfaceOrientationLandscapeLeft UIInterfaceOrientationLandscapeRight";
				INFOPLIST_KEY_UISupportedInterfaceOrientations_iPhone = "UIInterfaceOrientationPortrait UIInterfaceOrientationLandscapeLeft UIInterfaceOrientationLandscapeRight";
				IPHONEOS_DEPLOYMENT_TARGET = 18.2;
				LD_RUNPATH_SEARCH_PATHS = "@executable_path/Frameworks";
				"LD_RUNPATH_SEARCH_PATHS[sdk=macosx*]" = "@executable_path/../Frameworks";
				MACOSX_DEPLOYMENT_TARGET = 15.2;
				MARKETING_VERSION = 1.0;
				PRODUCT_BUNDLE_IDENTIFIER = "org.the-braveknight.TodosApp";
				PRODUCT_NAME = "$(TARGET_NAME)";
				SDKROOT = auto;
				SUPPORTED_PLATFORMS = "iphoneos iphonesimulator macosx xros xrsimulator";
				SWIFT_EMIT_LOC_STRINGS = YES;
				SWIFT_VERSION = 5.0;
				TARGETED_DEVICE_FAMILY = "1,2,7";
				XROS_DEPLOYMENT_TARGET = 2.2;
			};
			name = Release;
		};
/* End XCBuildConfiguration section */

/* Begin XCConfigurationList section */
		961FEE452D217DA8009AC4F9 /* Build configuration list for PBXProject "TodosApp" */ = {
			isa = XCConfigurationList;
			buildConfigurations = (
				961FEE572D217DA9009AC4F9 /* Debug */,
				961FEE582D217DA9009AC4F9 /* Release */,
			);
			defaultConfigurationIsVisible = 0;
			defaultConfigurationName = Release;
		};
		961FEE592D217DA9009AC4F9 /* Build configuration list for PBXNativeTarget "TodosApp" */ = {
			isa = XCConfigurationList;
			buildConfigurations = (
				961FEE5A2D217DA9009AC4F9 /* Debug */,
				961FEE5B2D217DA9009AC4F9 /* Release */,
			);
			defaultConfigurationIsVisible = 0;
			defaultConfigurationName = Release;
		};
/* End XCConfigurationList section */

/* Begin XCLocalSwiftPackageReference section */
		9677E83D2D2586690069F629 /* XCLocalSwiftPackageReference "Packages/StorageKit" */ = {
			isa = XCLocalSwiftPackageReference;
			relativePath = Packages/StorageKit;
		};
/* End XCLocalSwiftPackageReference section */

/* Begin XCRemoteSwiftPackageReference section */
		961FEE652D217F39009AC4F9 /* XCRemoteSwiftPackageReference "Melatonin" */ = {
			isa = XCRemoteSwiftPackageReference;
			repositoryURL = "https://github.com/the-braveknight/Melatonin";
			requirement = {
				kind = upToNextMajorVersion;
				minimumVersion = 0.3.0;
			};
		};
/* End XCRemoteSwiftPackageReference section */

/* Begin XCSwiftPackageProductDependency section */
		961FEE662D217F39009AC4F9 /* Melatonin */ = {
			isa = XCSwiftPackageProductDependency;
			package = 961FEE652D217F39009AC4F9 /* XCRemoteSwiftPackageReference "Melatonin" */;
			productName = Melatonin;
		};
		9677E83B2D2585F60069F629 /* StorageKit */ = {
			isa = XCSwiftPackageProductDependency;
			package = 961FEE652D217F39009AC4F9 /* XCRemoteSwiftPackageReference "Melatonin" */;
			productName = StorageKit;
		};
		9677E83E2D2586690069F629 /* StorageKit */ = {
			isa = XCSwiftPackageProductDependency;
			productName = StorageKit;
		};
/* End XCSwiftPackageProductDependency section */
	};
	rootObject = 961FEE422D217DA8009AC4F9 /* Project object */;
}
